// !$*UTF8*$!
{
	archiveVersion = 1;
	classes = {
	};
	objectVersion = 60;
	objects = {

/* Begin PBXBuildFile section */
		ED8BDEDE2C221DB400CF3359 /* WWDC2024_Swift_TestingApp.swift in Sources */ = {isa = PBXBuildFile; fileRef = ED8BDEDD2C221DB400CF3359 /* WWDC2024_Swift_TestingApp.swift */; };
		ED8BDEE02C221DB400CF3359 /* Persistence.swift in Sources */ = {isa = PBXBuildFile; fileRef = ED8BDEDF2C221DB400CF3359 /* Persistence.swift */; };
		ED8BDEE32C221DB400CF3359 /* WWDC2024_Swift_Testing.xcdatamodeld in Sources */ = {isa = PBXBuildFile; fileRef = ED8BDEE12C221DB400CF3359 /* WWDC2024_Swift_Testing.xcdatamodeld */; };
		ED8BDEE52C221DB400CF3359 /* ContentView.swift in Sources */ = {isa = PBXBuildFile; fileRef = ED8BDEE42C221DB400CF3359 /* ContentView.swift */; };
		ED8BDEE72C221DB600CF3359 /* Assets.xcassets in Resources */ = {isa = PBXBuildFile; fileRef = ED8BDEE62C221DB600CF3359 /* Assets.xcassets */; };
		ED8BDEEB2C221DB600CF3359 /* Preview Assets.xcassets in Resources */ = {isa = PBXBuildFile; fileRef = ED8BDEEA2C221DB600CF3359 /* Preview Assets.xcassets */; };
		ED8BDEF52C221DB600CF3359 /* WWDC2024_Swift_TestingTests.swift in Sources */ = {isa = PBXBuildFile; fileRef = ED8BDEF42C221DB600CF3359 /* WWDC2024_Swift_TestingTests.swift */; };
		ED8BDEFF2C221DB600CF3359 /* WWDC2024_Swift_TestingUITests.swift in Sources */ = {isa = PBXBuildFile; fileRef = ED8BDEFE2C221DB600CF3359 /* WWDC2024_Swift_TestingUITests.swift */; };
		ED8BDF012C221DB600CF3359 /* WWDC2024_Swift_TestingUITestsLaunchTests.swift in Sources */ = {isa = PBXBuildFile; fileRef = ED8BDF002C221DB600CF3359 /* WWDC2024_Swift_TestingUITestsLaunchTests.swift */; };
/* End PBXBuildFile section */

/* Begin PBXContainerItemProxy section */
		ED8BDEF12C221DB600CF3359 /* PBXContainerItemProxy */ = {
			isa = PBXContainerItemProxy;
			containerPortal = ED8BDED22C221DB400CF3359 /* Project object */;
			proxyType = 1;
			remoteGlobalIDString = ED8BDED92C221DB400CF3359;
			remoteInfo = WWDC2024_Swift_Testing;
		};
		ED8BDEFB2C221DB600CF3359 /* PBXContainerItemProxy */ = {
			isa = PBXContainerItemProxy;
			containerPortal = ED8BDED22C221DB400CF3359 /* Project object */;
			proxyType = 1;
			remoteGlobalIDString = ED8BDED92C221DB400CF3359;
			remoteInfo = WWDC2024_Swift_Testing;
		};
/* End PBXContainerItemProxy section */

/* Begin PBXFileReference section */
		ED8BDEDA2C221DB400CF3359 /* WWDC2024_Swift_Testing.app */ = {isa = PBXFileReference; explicitFileType = wrapper.application; includeInIndex = 0; path = WWDC2024_Swift_Testing.app; sourceTree = BUILT_PRODUCTS_DIR; };
		ED8BDEDD2C221DB400CF3359 /* WWDC2024_Swift_TestingApp.swift */ = {isa = PBXFileReference; lastKnownFileType = sourcecode.swift; path = WWDC2024_Swift_TestingApp.swift; sourceTree = "<group>"; };
		ED8BDEDF2C221DB400CF3359 /* Persistence.swift */ = {isa = PBXFileReference; lastKnownFileType = sourcecode.swift; path = Persistence.swift; sourceTree = "<group>"; };
		ED8BDEE22C221DB400CF3359 /* WWDC2024_Swift_Testing.xcdatamodel */ = {isa = PBXFileReference; lastKnownFileType = wrapper.xcdatamodel; path = WWDC2024_Swift_Testing.xcdatamodel; sourceTree = "<group>"; };
		ED8BDEE42C221DB400CF3359 /* ContentView.swift */ = {isa = PBXFileReference; lastKnownFileType = sourcecode.swift; path = ContentView.swift; sourceTree = "<group>"; };
		ED8BDEE62C221DB600CF3359 /* Assets.xcassets */ = {isa = PBXFileReference; lastKnownFileType = folder.assetcatalog; path = Assets.xcassets; sourceTree = "<group>"; };
		ED8BDEE82C221DB600CF3359 /* WWDC2024_Swift_Testing.entitlements */ = {isa = PBXFileReference; lastKnownFileType = text.plist.entitlements; path = WWDC2024_Swift_Testing.entitlements; sourceTree = "<group>"; };
		ED8BDEEA2C221DB600CF3359 /* Preview Assets.xcassets */ = {isa = PBXFileReference; lastKnownFileType = folder.assetcatalog; path = "Preview Assets.xcassets"; sourceTree = "<group>"; };
		ED8BDEF02C221DB600CF3359 /* WWDC2024_Swift_TestingTests.xctest */ = {isa = PBXFileReference; explicitFileType = wrapper.cfbundle; includeInIndex = 0; path = WWDC2024_Swift_TestingTests.xctest; sourceTree = BUILT_PRODUCTS_DIR; };
		ED8BDEF42C221DB600CF3359 /* WWDC2024_Swift_TestingTests.swift */ = {isa = PBXFileReference; lastKnownFileType = sourcecode.swift; path = WWDC2024_Swift_TestingTests.swift; sourceTree = "<group>"; };
		ED8BDEFA2C221DB600CF3359 /* WWDC2024_Swift_TestingUITests.xctest */ = {isa = PBXFileReference; explicitFileType = wrapper.cfbundle; includeInIndex = 0; path = WWDC2024_Swift_TestingUITests.xctest; sourceTree = BUILT_PRODUCTS_DIR; };
		ED8BDEFE2C221DB600CF3359 /* WWDC2024_Swift_TestingUITests.swift */ = {isa = PBXFileReference; lastKnownFileType = sourcecode.swift; path = WWDC2024_Swift_TestingUITests.swift; sourceTree = "<group>"; };
		ED8BDF002C221DB600CF3359 /* WWDC2024_Swift_TestingUITestsLaunchTests.swift */ = {isa = PBXFileReference; lastKnownFileType = sourcecode.swift; path = WWDC2024_Swift_TestingUITestsLaunchTests.swift; sourceTree = "<group>"; };
/* End PBXFileReference section */

/* Begin PBXFrameworksBuildPhase section */
		ED8BDED72C221DB400CF3359 /* Frameworks */ = {
			isa = PBXFrameworksBuildPhase;
			buildActionMask = 2147483647;
			files = (
			);
			runOnlyForDeploymentPostprocessing = 0;
		};
		ED8BDEED2C221DB600CF3359 /* Frameworks */ = {
			isa = PBXFrameworksBuildPhase;
			buildActionMask = 2147483647;
			files = (
			);
			runOnlyForDeploymentPostprocessing = 0;
		};
		ED8BDEF72C221DB600CF3359 /* Frameworks */ = {
			isa = PBXFrameworksBuildPhase;
			buildActionMask = 2147483647;
			files = (
			);
			runOnlyForDeploymentPostprocessing = 0;
		};
/* End PBXFrameworksBuildPhase section */

/* Begin PBXGroup section */
		ED8BDED12C221DB400CF3359 = {
			isa = PBXGroup;
			children = (
				ED8BDEDC2C221DB400CF3359 /* WWDC2024_Swift_Testing */,
				ED8BDEF32C221DB600CF3359 /* WWDC2024_Swift_TestingTests */,
				ED8BDEFD2C221DB600CF3359 /* WWDC2024_Swift_TestingUITests */,
				ED8BDEDB2C221DB400CF3359 /* Products */,
			);
			sourceTree = "<group>";
		};
		ED8BDEDB2C221DB400CF3359 /* Products */ = {
			isa = PBXGroup;
			children = (
				ED8BDEDA2C221DB400CF3359 /* WWDC2024_Swift_Testing.app */,
				ED8BDEF02C221DB600CF3359 /* WWDC2024_Swift_TestingTests.xctest */,
				ED8BDEFA2C221DB600CF3359 /* WWDC2024_Swift_TestingUITests.xctest */,
			);
			name = Products;
			sourceTree = "<group>";
		};
		ED8BDEDC2C221DB400CF3359 /* WWDC2024_Swift_Testing */ = {
			isa = PBXGroup;
			children = (
				ED8BDEDD2C221DB400CF3359 /* WWDC2024_Swift_TestingApp.swift */,
				ED8BDEDF2C221DB400CF3359 /* Persistence.swift */,
				ED8BDEE42C221DB400CF3359 /* ContentView.swift */,
				ED8BDEE62C221DB600CF3359 /* Assets.xcassets */,
				ED8BDEE82C221DB600CF3359 /* WWDC2024_Swift_Testing.entitlements */,
				ED8BDEE12C221DB400CF3359 /* WWDC2024_Swift_Testing.xcdatamodeld */,
				ED8BDEE92C221DB600CF3359 /* Preview Content */,
			);
			path = WWDC2024_Swift_Testing;
			sourceTree = "<group>";
		};
		ED8BDEE92C221DB600CF3359 /* Preview Content */ = {
			isa = PBXGroup;
			children = (
				ED8BDEEA2C221DB600CF3359 /* Preview Assets.xcassets */,
			);
			path = "Preview Content";
			sourceTree = "<group>";
		};
		ED8BDEF32C221DB600CF3359 /* WWDC2024_Swift_TestingTests */ = {
			isa = PBXGroup;
			children = (
				ED8BDEF42C221DB600CF3359 /* WWDC2024_Swift_TestingTests.swift */,
			);
			path = WWDC2024_Swift_TestingTests;
			sourceTree = "<group>";
		};
		ED8BDEFD2C221DB600CF3359 /* WWDC2024_Swift_TestingUITests */ = {
			isa = PBXGroup;
			children = (
				ED8BDEFE2C221DB600CF3359 /* WWDC2024_Swift_TestingUITests.swift */,
				ED8BDF002C221DB600CF3359 /* WWDC2024_Swift_TestingUITestsLaunchTests.swift */,
			);
			path = WWDC2024_Swift_TestingUITests;
			sourceTree = "<group>";
		};
/* End PBXGroup section */

/* Begin PBXNativeTarget section */
		ED8BDED92C221DB400CF3359 /* WWDC2024_Swift_Testing */ = {
			isa = PBXNativeTarget;
			buildConfigurationList = ED8BDF042C221DB600CF3359 /* Build configuration list for PBXNativeTarget "WWDC2024_Swift_Testing" */;
			buildPhases = (
				ED8BDED62C221DB400CF3359 /* Sources */,
				ED8BDED72C221DB400CF3359 /* Frameworks */,
				ED8BDED82C221DB400CF3359 /* Resources */,
			);
			buildRules = (
			);
			dependencies = (
			);
			name = WWDC2024_Swift_Testing;
			productName = WWDC2024_Swift_Testing;
			productReference = ED8BDEDA2C221DB400CF3359 /* WWDC2024_Swift_Testing.app */;
			productType = "com.apple.product-type.application";
		};
		ED8BDEEF2C221DB600CF3359 /* WWDC2024_Swift_TestingTests */ = {
			isa = PBXNativeTarget;
			buildConfigurationList = ED8BDF072C221DB600CF3359 /* Build configuration list for PBXNativeTarget "WWDC2024_Swift_TestingTests" */;
			buildPhases = (
				ED8BDEEC2C221DB600CF3359 /* Sources */,
				ED8BDEED2C221DB600CF3359 /* Frameworks */,
				ED8BDEEE2C221DB600CF3359 /* Resources */,
			);
			buildRules = (
			);
			dependencies = (
				ED8BDEF22C221DB600CF3359 /* PBXTargetDependency */,
			);
			name = WWDC2024_Swift_TestingTests;
			productName = WWDC2024_Swift_TestingTests;
			productReference = ED8BDEF02C221DB600CF3359 /* WWDC2024_Swift_TestingTests.xctest */;
			productType = "com.apple.product-type.bundle.unit-test";
		};
		ED8BDEF92C221DB600CF3359 /* WWDC2024_Swift_TestingUITests */ = {
			isa = PBXNativeTarget;
			buildConfigurationList = ED8BDF0A2C221DB600CF3359 /* Build configuration list for PBXNativeTarget "WWDC2024_Swift_TestingUITests" */;
			buildPhases = (
				ED8BDEF62C221DB600CF3359 /* Sources */,
				ED8BDEF72C221DB600CF3359 /* Frameworks */,
				ED8BDEF82C221DB600CF3359 /* Resources */,
			);
			buildRules = (
			);
			dependencies = (
				ED8BDEFC2C221DB600CF3359 /* PBXTargetDependency */,
			);
			name = WWDC2024_Swift_TestingUITests;
			productName = WWDC2024_Swift_TestingUITests;
			productReference = ED8BDEFA2C221DB600CF3359 /* WWDC2024_Swift_TestingUITests.xctest */;
			productType = "com.apple.product-type.bundle.ui-testing";
		};
/* End PBXNativeTarget section */

/* Begin PBXProject section */
		ED8BDED22C221DB400CF3359 /* Project object */ = {
			isa = PBXProject;
			attributes = {
				BuildIndependentTargetsInParallel = 1;
				LastSwiftUpdateCheck = 1600;
				LastUpgradeCheck = 1600;
				TargetAttributes = {
					ED8BDED92C221DB400CF3359 = {
						CreatedOnToolsVersion = 16.0;
					};
					ED8BDEEF2C221DB600CF3359 = {
						CreatedOnToolsVersion = 16.0;
						TestTargetID = ED8BDED92C221DB400CF3359;
					};
					ED8BDEF92C221DB600CF3359 = {
						CreatedOnToolsVersion = 16.0;
						TestTargetID = ED8BDED92C221DB400CF3359;
					};
				};
			};
			buildConfigurationList = ED8BDED52C221DB400CF3359 /* Build configuration list for PBXProject "WWDC2024_Swift_Testing" */;
			compatibilityVersion = "Xcode 15.0";
			developmentRegion = en;
			hasScannedForEncodings = 0;
			knownRegions = (
				en,
				Base,
			);
			mainGroup = ED8BDED12C221DB400CF3359;
			productRefGroup = ED8BDEDB2C221DB400CF3359 /* Products */;
			projectDirPath = "";
			projectRoot = "";
			targets = (
				ED8BDED92C221DB400CF3359 /* WWDC2024_Swift_Testing */,
				ED8BDEEF2C221DB600CF3359 /* WWDC2024_Swift_TestingTests */,
				ED8BDEF92C221DB600CF3359 /* WWDC2024_Swift_TestingUITests */,
			);
		};
/* End PBXProject section */

/* Begin PBXResourcesBuildPhase section */
		ED8BDED82C221DB400CF3359 /* Resources */ = {
			isa = PBXResourcesBuildPhase;
			buildActionMask = 2147483647;
			files = (
				ED8BDEEB2C221DB600CF3359 /* Preview Assets.xcassets in Resources */,
				ED8BDEE72C221DB600CF3359 /* Assets.xcassets in Resources */,
			);
			runOnlyForDeploymentPostprocessing = 0;
		};
		ED8BDEEE2C221DB600CF3359 /* Resources */ = {
			isa = PBXResourcesBuildPhase;
			buildActionMask = 2147483647;
			files = (
			);
			runOnlyForDeploymentPostprocessing = 0;
		};
		ED8BDEF82C221DB600CF3359 /* Resources */ = {
			isa = PBXResourcesBuildPhase;
			buildActionMask = 2147483647;
			files = (
			);
			runOnlyForDeploymentPostprocessing = 0;
		};
/* End PBXResourcesBuildPhase section */

/* Begin PBXSourcesBuildPhase section */
		ED8BDED62C221DB400CF3359 /* Sources */ = {
			isa = PBXSourcesBuildPhase;
			buildActionMask = 2147483647;
			files = (
				ED8BDEDE2C221DB400CF3359 /* WWDC2024_Swift_TestingApp.swift in Sources */,
				ED8BDEE02C221DB400CF3359 /* Persistence.swift in Sources */,
				ED8BDEE52C221DB400CF3359 /* ContentView.swift in Sources */,
				ED8BDEE32C221DB400CF3359 /* WWDC2024_Swift_Testing.xcdatamodeld in Sources */,
			);
			runOnlyForDeploymentPostprocessing = 0;
		};
		ED8BDEEC2C221DB600CF3359 /* Sources */ = {
			isa = PBXSourcesBuildPhase;
			buildActionMask = 2147483647;
			files = (
				ED8BDEF52C221DB600CF3359 /* WWDC2024_Swift_TestingTests.swift in Sources */,
			);
			runOnlyForDeploymentPostprocessing = 0;
		};
		ED8BDEF62C221DB600CF3359 /* Sources */ = {
			isa = PBXSourcesBuildPhase;
			buildActionMask = 2147483647;
			files = (
				ED8BDF012C221DB600CF3359 /* WWDC2024_Swift_TestingUITestsLaunchTests.swift in Sources */,
				ED8BDEFF2C221DB600CF3359 /* WWDC2024_Swift_TestingUITests.swift in Sources */,
			);
			runOnlyForDeploymentPostprocessing = 0;
		};
/* End PBXSourcesBuildPhase section */

/* Begin PBXTargetDependency section */
		ED8BDEF22C221DB600CF3359 /* PBXTargetDependency */ = {
			isa = PBXTargetDependency;
			target = ED8BDED92C221DB400CF3359 /* WWDC2024_Swift_Testing */;
			targetProxy = ED8BDEF12C221DB600CF3359 /* PBXContainerItemProxy */;
		};
		ED8BDEFC2C221DB600CF3359 /* PBXTargetDependency */ = {
			isa = PBXTargetDependency;
			target = ED8BDED92C221DB400CF3359 /* WWDC2024_Swift_Testing */;
			targetProxy = ED8BDEFB2C221DB600CF3359 /* PBXContainerItemProxy */;
		};
/* End PBXTargetDependency section */

/* Begin XCBuildConfiguration section */
		ED8BDF022C221DB600CF3359 /* Debug */ = {
			isa = XCBuildConfiguration;
			buildSettings = {
				ALWAYS_SEARCH_USER_PATHS = NO;
				ASSETCATALOG_COMPILER_GENERATE_SWIFT_ASSET_SYMBOL_EXTENSIONS = YES;
				CLANG_ANALYZER_NONNULL = YES;
				CLANG_ANALYZER_NUMBER_OBJECT_CONVERSION = YES_AGGRESSIVE;
				CLANG_CXX_LANGUAGE_STANDARD = "gnu++20";
				CLANG_ENABLE_MODULES = YES;
				CLANG_ENABLE_OBJC_ARC = YES;
				CLANG_ENABLE_OBJC_WEAK = YES;
				CLANG_WARN_BLOCK_CAPTURE_AUTORELEASING = YES;
				CLANG_WARN_BOOL_CONVERSION = YES;
				CLANG_WARN_COMMA = YES;
				CLANG_WARN_CONSTANT_CONVERSION = YES;
				CLANG_WARN_DEPRECATED_OBJC_IMPLEMENTATIONS = YES;
				CLANG_WARN_DIRECT_OBJC_ISA_USAGE = YES_ERROR;
				CLANG_WARN_DOCUMENTATION_COMMENTS = YES;
				CLANG_WARN_EMPTY_BODY = YES;
				CLANG_WARN_ENUM_CONVERSION = YES;
				CLANG_WARN_INFINITE_RECURSION = YES;
				CLANG_WARN_INT_CONVERSION = YES;
				CLANG_WARN_NON_LITERAL_NULL_CONVERSION = YES;
				CLANG_WARN_OBJC_IMPLICIT_RETAIN_SELF = YES;
				CLANG_WARN_OBJC_LITERAL_CONVERSION = YES;
				CLANG_WARN_OBJC_ROOT_CLASS = YES_ERROR;
				CLANG_WARN_QUOTED_INCLUDE_IN_FRAMEWORK_HEADER = YES;
				CLANG_WARN_RANGE_LOOP_ANALYSIS = YES;
				CLANG_WARN_STRICT_PROTOTYPES = YES;
				CLANG_WARN_SUSPICIOUS_MOVE = YES;
				CLANG_WARN_UNGUARDED_AVAILABILITY = YES_AGGRESSIVE;
				CLANG_WARN_UNREACHABLE_CODE = YES;
				CLANG_WARN__DUPLICATE_METHOD_MATCH = YES;
				COPY_PHASE_STRIP = NO;
				DEBUG_INFORMATION_FORMAT = dwarf;
				ENABLE_STRICT_OBJC_MSGSEND = YES;
				ENABLE_TESTABILITY = YES;
				ENABLE_USER_SCRIPT_SANDBOXING = YES;
				GCC_C_LANGUAGE_STANDARD = gnu17;
				GCC_DYNAMIC_NO_PIC = NO;
				GCC_NO_COMMON_BLOCKS = YES;
				GCC_OPTIMIZATION_LEVEL = 0;
				GCC_PREPROCESSOR_DEFINITIONS = (
					"DEBUG=1",
					"$(inherited)",
				);
				GCC_WARN_64_TO_32_BIT_CONVERSION = YES;
				GCC_WARN_ABOUT_RETURN_TYPE = YES_ERROR;
				GCC_WARN_UNDECLARED_SELECTOR = YES;
				GCC_WARN_UNINITIALIZED_AUTOS = YES_AGGRESSIVE;
				GCC_WARN_UNUSED_FUNCTION = YES;
				GCC_WARN_UNUSED_VARIABLE = YES;
				LOCALIZATION_PREFERS_STRING_CATALOGS = YES;
				MTL_ENABLE_DEBUG_INFO = INCLUDE_SOURCE;
				MTL_FAST_MATH = YES;
				ONLY_ACTIVE_ARCH = YES;
				SWIFT_ACTIVE_COMPILATION_CONDITIONS = "DEBUG $(inherited)";
				SWIFT_OPTIMIZATION_LEVEL = "-Onone";
			};
			name = Debug;
		};
		ED8BDF032C221DB600CF3359 /* Release */ = {
			isa = XCBuildConfiguration;
			buildSettings = {
				ALWAYS_SEARCH_USER_PATHS = NO;
				ASSETCATALOG_COMPILER_GENERATE_SWIFT_ASSET_SYMBOL_EXTENSIONS = YES;
				CLANG_ANALYZER_NONNULL = YES;
				CLANG_ANALYZER_NUMBER_OBJECT_CONVERSION = YES_AGGRESSIVE;
				CLANG_CXX_LANGUAGE_STANDARD = "gnu++20";
				CLANG_ENABLE_MODULES = YES;
				CLANG_ENABLE_OBJC_ARC = YES;
				CLANG_ENABLE_OBJC_WEAK = YES;
				CLANG_WARN_BLOCK_CAPTURE_AUTORELEASING = YES;
				CLANG_WARN_BOOL_CONVERSION = YES;
				CLANG_WARN_COMMA = YES;
				CLANG_WARN_CONSTANT_CONVERSION = YES;
				CLANG_WARN_DEPRECATED_OBJC_IMPLEMENTATIONS = YES;
				CLANG_WARN_DIRECT_OBJC_ISA_USAGE = YES_ERROR;
				CLANG_WARN_DOCUMENTATION_COMMENTS = YES;
				CLANG_WARN_EMPTY_BODY = YES;
				CLANG_WARN_ENUM_CONVERSION = YES;
				CLANG_WARN_INFINITE_RECURSION = YES;
				CLANG_WARN_INT_CONVERSION = YES;
				CLANG_WARN_NON_LITERAL_NULL_CONVERSION = YES;
				CLANG_WARN_OBJC_IMPLICIT_RETAIN_SELF = YES;
				CLANG_WARN_OBJC_LITERAL_CONVERSION = YES;
				CLANG_WARN_OBJC_ROOT_CLASS = YES_ERROR;
				CLANG_WARN_QUOTED_INCLUDE_IN_FRAMEWORK_HEADER = YES;
				CLANG_WARN_RANGE_LOOP_ANALYSIS = YES;
				CLANG_WARN_STRICT_PROTOTYPES = YES;
				CLANG_WARN_SUSPICIOUS_MOVE = YES;
				CLANG_WARN_UNGUARDED_AVAILABILITY = YES_AGGRESSIVE;
				CLANG_WARN_UNREACHABLE_CODE = YES;
				CLANG_WARN__DUPLICATE_METHOD_MATCH = YES;
				COPY_PHASE_STRIP = NO;
				DEBUG_INFORMATION_FORMAT = "dwarf-with-dsym";
				ENABLE_NS_ASSERTIONS = NO;
				ENABLE_STRICT_OBJC_MSGSEND = YES;
				ENABLE_USER_SCRIPT_SANDBOXING = YES;
				GCC_C_LANGUAGE_STANDARD = gnu17;
				GCC_NO_COMMON_BLOCKS = YES;
				GCC_WARN_64_TO_32_BIT_CONVERSION = YES;
				GCC_WARN_ABOUT_RETURN_TYPE = YES_ERROR;
				GCC_WARN_UNDECLARED_SELECTOR = YES;
				GCC_WARN_UNINITIALIZED_AUTOS = YES_AGGRESSIVE;
				GCC_WARN_UNUSED_FUNCTION = YES;
				GCC_WARN_UNUSED_VARIABLE = YES;
				LOCALIZATION_PREFERS_STRING_CATALOGS = YES;
				MTL_ENABLE_DEBUG_INFO = NO;
				MTL_FAST_MATH = YES;
				SWIFT_COMPILATION_MODE = wholemodule;
			};
			name = Release;
		};
		ED8BDF052C221DB600CF3359 /* Debug */ = {
			isa = XCBuildConfiguration;
			buildSettings = {
				ASSETCATALOG_COMPILER_APPICON_NAME = AppIcon;
				ASSETCATALOG_COMPILER_GLOBAL_ACCENT_COLOR_NAME = AccentColor;
				CODE_SIGN_ENTITLEMENTS = WWDC2024_Swift_Testing/WWDC2024_Swift_Testing.entitlements;
				CODE_SIGN_STYLE = Automatic;
				CURRENT_PROJECT_VERSION = 1;
				DEVELOPMENT_ASSET_PATHS = "\"WWDC2024_Swift_Testing/Preview Content\"";
				DEVELOPMENT_TEAM = 4VYV5C3L3Y;
				ENABLE_HARDENED_RUNTIME = YES;
				ENABLE_PREVIEWS = YES;
				GENERATE_INFOPLIST_FILE = YES;
				"INFOPLIST_KEY_UIApplicationSceneManifest_Generation[sdk=iphoneos*]" = YES;
				"INFOPLIST_KEY_UIApplicationSceneManifest_Generation[sdk=iphonesimulator*]" = YES;
				"INFOPLIST_KEY_UIApplicationSupportsIndirectInputEvents[sdk=iphoneos*]" = YES;
				"INFOPLIST_KEY_UIApplicationSupportsIndirectInputEvents[sdk=iphonesimulator*]" = YES;
				"INFOPLIST_KEY_UILaunchScreen_Generation[sdk=iphoneos*]" = YES;
				"INFOPLIST_KEY_UILaunchScreen_Generation[sdk=iphonesimulator*]" = YES;
				"INFOPLIST_KEY_UIStatusBarStyle[sdk=iphoneos*]" = UIStatusBarStyleDefault;
				"INFOPLIST_KEY_UIStatusBarStyle[sdk=iphonesimulator*]" = UIStatusBarStyleDefault;
				INFOPLIST_KEY_UISupportedInterfaceOrientations_iPad = "UIInterfaceOrientationPortrait UIInterfaceOrientationPortraitUpsideDown UIInterfaceOrientationLandscapeLeft UIInterfaceOrientationLandscapeRight";
				INFOPLIST_KEY_UISupportedInterfaceOrientations_iPhone = "UIInterfaceOrientationPortrait UIInterfaceOrientationLandscapeLeft UIInterfaceOrientationLandscapeRight";
				IPHONEOS_DEPLOYMENT_TARGET = 18.0;
				LD_RUNPATH_SEARCH_PATHS = "@executable_path/Frameworks";
				"LD_RUNPATH_SEARCH_PATHS[sdk=macosx*]" = "@executable_path/../Frameworks";
				MACOSX_DEPLOYMENT_TARGET = 15.0;
				MARKETING_VERSION = 1.0;
				PRODUCT_BUNDLE_IDENTIFIER = "com.michelstorms.WWDC2024-Swift-Testing";
				PRODUCT_NAME = "$(TARGET_NAME)";
				SDKROOT = auto;
				SUPPORTED_PLATFORMS = "iphoneos iphonesimulator macosx xros xrsimulator";
				SWIFT_EMIT_LOC_STRINGS = YES;
				SWIFT_VERSION = 5.0;
				TARGETED_DEVICE_FAMILY = "1,2,7";
				XROS_DEPLOYMENT_TARGET = 2.0;
			};
			name = Debug;
		};
		ED8BDF062C221DB600CF3359 /* Release */ = {
			isa = XCBuildConfiguration;
			buildSettings = {
				ASSETCATALOG_COMPILER_APPICON_NAME = AppIcon;
				ASSETCATALOG_COMPILER_GLOBAL_ACCENT_COLOR_NAME = AccentColor;
				CODE_SIGN_ENTITLEMENTS = WWDC2024_Swift_Testing/WWDC2024_Swift_Testing.entitlements;
				CODE_SIGN_STYLE = Automatic;
				CURRENT_PROJECT_VERSION = 1;
				DEVELOPMENT_ASSET_PATHS = "\"WWDC2024_Swift_Testing/Preview Content\"";
				DEVELOPMENT_TEAM = 4VYV5C3L3Y;
				ENABLE_HARDENED_RUNTIME = YES;
				ENABLE_PREVIEWS = YES;
				GENERATE_INFOPLIST_FILE = YES;
				"INFOPLIST_KEY_UIApplicationSceneManifest_Generation[sdk=iphoneos*]" = YES;
				"INFOPLIST_KEY_UIApplicationSceneManifest_Generation[sdk=iphonesimulator*]" = YES;
				"INFOPLIST_KEY_UIApplicationSupportsIndirectInputEvents[sdk=iphoneos*]" = YES;
				"INFOPLIST_KEY_UIApplicationSupportsIndirectInputEvents[sdk=iphonesimulator*]" = YES;
				"INFOPLIST_KEY_UILaunchScreen_Generation[sdk=iphoneos*]" = YES;
				"INFOPLIST_KEY_UILaunchScreen_Generation[sdk=iphonesimulator*]" = YES;
				"INFOPLIST_KEY_UIStatusBarStyle[sdk=iphoneos*]" = UIStatusBarStyleDefault;
				"INFOPLIST_KEY_UIStatusBarStyle[sdk=iphonesimulator*]" = UIStatusBarStyleDefault;
				INFOPLIST_KEY_UISupportedInterfaceOrientations_iPad = "UIInterfaceOrientationPortrait UIInterfaceOrientationPortraitUpsideDown UIInterfaceOrientationLandscapeLeft UIInterfaceOrientationLandscapeRight";
				INFOPLIST_KEY_UISupportedInterfaceOrientations_iPhone = "UIInterfaceOrientationPortrait UIInterfaceOrientationLandscapeLeft UIInterfaceOrientationLandscapeRight";
				IPHONEOS_DEPLOYMENT_TARGET = 18.0;
				LD_RUNPATH_SEARCH_PATHS = "@executable_path/Frameworks";
				"LD_RUNPATH_SEARCH_PATHS[sdk=macosx*]" = "@executable_path/../Frameworks";
				MACOSX_DEPLOYMENT_TARGET = 15.0;
				MARKETING_VERSION = 1.0;
				PRODUCT_BUNDLE_IDENTIFIER = "com.michelstorms.WWDC2024-Swift-Testing";
				PRODUCT_NAME = "$(TARGET_NAME)";
				SDKROOT = auto;
				SUPPORTED_PLATFORMS = "iphoneos iphonesimulator macosx xros xrsimulator";
				SWIFT_EMIT_LOC_STRINGS = YES;
				SWIFT_VERSION = 5.0;
				TARGETED_DEVICE_FAMILY = "1,2,7";
				XROS_DEPLOYMENT_TARGET = 2.0;
			};
			name = Release;
		};
		ED8BDF082C221DB600CF3359 /* Debug */ = {
			isa = XCBuildConfiguration;
			buildSettings = {
				BUNDLE_LOADER = "$(TEST_HOST)";
				CODE_SIGN_STYLE = Automatic;
				CURRENT_PROJECT_VERSION = 1;
				DEVELOPMENT_TEAM = 4VYV5C3L3Y;
				GENERATE_INFOPLIST_FILE = YES;
				IPHONEOS_DEPLOYMENT_TARGET = 18.0;
				MACOSX_DEPLOYMENT_TARGET = 15.0;
				MARKETING_VERSION = 1.0;
				PRODUCT_BUNDLE_IDENTIFIER = "com.michelstorms.WWDC2024-Swift-TestingTests";
				PRODUCT_NAME = "$(TARGET_NAME)";
				SDKROOT = auto;
				SUPPORTED_PLATFORMS = "iphoneos iphonesimulator macosx xros xrsimulator";
				SWIFT_EMIT_LOC_STRINGS = NO;
				SWIFT_VERSION = 5.0;
				TARGETED_DEVICE_FAMILY = "1,2,7";
				TEST_HOST = "$(BUILT_PRODUCTS_DIR)/WWDC2024_Swift_Testing.app/$(BUNDLE_EXECUTABLE_FOLDER_PATH)/WWDC2024_Swift_Testing";
				XROS_DEPLOYMENT_TARGET = 2.0;
			};
			name = Debug;
		};
		ED8BDF092C221DB600CF3359 /* Release */ = {
			isa = XCBuildConfiguration;
			buildSettings = {
				BUNDLE_LOADER = "$(TEST_HOST)";
				CODE_SIGN_STYLE = Automatic;
				CURRENT_PROJECT_VERSION = 1;
				DEVELOPMENT_TEAM = 4VYV5C3L3Y;
				GENERATE_INFOPLIST_FILE = YES;
				IPHONEOS_DEPLOYMENT_TARGET = 18.0;
				MACOSX_DEPLOYMENT_TARGET = 15.0;
				MARKETING_VERSION = 1.0;
				PRODUCT_BUNDLE_IDENTIFIER = "com.michelstorms.WWDC2024-Swift-TestingTests";
				PRODUCT_NAME = "$(TARGET_NAME)";
				SDKROOT = auto;
				SUPPORTED_PLATFORMS = "iphoneos iphonesimulator macosx xros xrsimulator";
				SWIFT_EMIT_LOC_STRINGS = NO;
				SWIFT_VERSION = 5.0;
				TARGETED_DEVICE_FAMILY = "1,2,7";
				TEST_HOST = "$(BUILT_PRODUCTS_DIR)/WWDC2024_Swift_Testing.app/$(BUNDLE_EXECUTABLE_FOLDER_PATH)/WWDC2024_Swift_Testing";
				XROS_DEPLOYMENT_TARGET = 2.0;
			};
			name = Release;
		};
		ED8BDF0B2C221DB600CF3359 /* Debug */ = {
			isa = XCBuildConfiguration;
			buildSettings = {
				CODE_SIGN_STYLE = Automatic;
				CURRENT_PROJECT_VERSION = 1;
				DEVELOPMENT_TEAM = 4VYV5C3L3Y;
				GENERATE_INFOPLIST_FILE = YES;
				IPHONEOS_DEPLOYMENT_TARGET = 18.0;
				MACOSX_DEPLOYMENT_TARGET = 15.0;
				MARKETING_VERSION = 1.0;
				PRODUCT_BUNDLE_IDENTIFIER = "com.michelstorms.WWDC2024-Swift-TestingUITests";
				PRODUCT_NAME = "$(TARGET_NAME)";
				SDKROOT = auto;
				SUPPORTED_PLATFORMS = "iphoneos iphonesimulator macosx xros xrsimulator";
				SWIFT_EMIT_LOC_STRINGS = NO;
				SWIFT_VERSION = 5.0;
				TARGETED_DEVICE_FAMILY = "1,2,7";
				TEST_TARGET_NAME = WWDC2024_Swift_Testing;
				XROS_DEPLOYMENT_TARGET = 2.0;
			};
			name = Debug;
		};
		ED8BDF0C2C221DB600CF3359 /* Release */ = {
			isa = XCBuildConfiguration;
			buildSettings = {
				CODE_SIGN_STYLE = Automatic;
				CURRENT_PROJECT_VERSION = 1;
				DEVELOPMENT_TEAM = 4VYV5C3L3Y;
				GENERATE_INFOPLIST_FILE = YES;
				IPHONEOS_DEPLOYMENT_TARGET = 18.0;
				MACOSX_DEPLOYMENT_TARGET = 15.0;
				MARKETING_VERSION = 1.0;
				PRODUCT_BUNDLE_IDENTIFIER = "com.michelstorms.WWDC2024-Swift-TestingUITests";
				PRODUCT_NAME = "$(TARGET_NAME)";
				SDKROOT = auto;
				SUPPORTED_PLATFORMS = "iphoneos iphonesimulator macosx xros xrsimulator";
				SWIFT_EMIT_LOC_STRINGS = NO;
				SWIFT_VERSION = 5.0;
				TARGETED_DEVICE_FAMILY = "1,2,7";
				TEST_TARGET_NAME = WWDC2024_Swift_Testing;
				XROS_DEPLOYMENT_TARGET = 2.0;
			};
			name = Release;
		};
/* End XCBuildConfiguration section */

/* Begin XCConfigurationList section */
		ED8BDED52C221DB400CF3359 /* Build configuration list for PBXProject "WWDC2024_Swift_Testing" */ = {
			isa = XCConfigurationList;
			buildConfigurations = (
				ED8BDF022C221DB600CF3359 /* Debug */,
				ED8BDF032C221DB600CF3359 /* Release */,
			);
			defaultConfigurationIsVisible = 0;
			defaultConfigurationName = Release;
		};
		ED8BDF042C221DB600CF3359 /* Build configuration list for PBXNativeTarget "WWDC2024_Swift_Testing" */ = {
			isa = XCConfigurationList;
			buildConfigurations = (
				ED8BDF052C221DB600CF3359 /* Debug */,
				ED8BDF062C221DB600CF3359 /* Release */,
			);
			defaultConfigurationIsVisible = 0;
			defaultConfigurationName = Release;
		};
		ED8BDF072C221DB600CF3359 /* Build configuration list for PBXNativeTarget "WWDC2024_Swift_TestingTests" */ = {
			isa = XCConfigurationList;
			buildConfigurations = (
				ED8BDF082C221DB600CF3359 /* Debug */,
				ED8BDF092C221DB600CF3359 /* Release */,
			);
			defaultConfigurationIsVisible = 0;
			defaultConfigurationName = Release;
		};
		ED8BDF0A2C221DB600CF3359 /* Build configuration list for PBXNativeTarget "WWDC2024_Swift_TestingUITests" */ = {
			isa = XCConfigurationList;
			buildConfigurations = (
				ED8BDF0B2C221DB600CF3359 /* Debug */,
				ED8BDF0C2C221DB600CF3359 /* Release */,
			);
			defaultConfigurationIsVisible = 0;
			defaultConfigurationName = Release;
		};
/* End XCConfigurationList section */

/* Begin XCVersionGroup section */
		ED8BDEE12C221DB400CF3359 /* WWDC2024_Swift_Testing.xcdatamodeld */ = {
			isa = XCVersionGroup;
			children = (
				ED8BDEE22C221DB400CF3359 /* WWDC2024_Swift_Testing.xcdatamodel */,
			);
			currentVersion = ED8BDEE22C221DB400CF3359 /* WWDC2024_Swift_Testing.xcdatamodel */;
			path = WWDC2024_Swift_Testing.xcdatamodeld;
			sourceTree = "<group>";
			versionGroupType = wrapper.xcdatamodel;
		};
/* End XCVersionGroup section */
	};
	rootObject = ED8BDED22C221DB400CF3359 /* Project object */;
}
